
Microsoft Visual Studio Solution File, Format Version 12.00
# Visual Studio Version 16
VisualStudioVersion = 16.0.30621.155
MinimumVisualStudioVersion = 10.0.40219.1
Project("{FAE04EC0-301F-11D3-BF4B-00C04F79EFBC}") = "DBAS-5206-MVCH-SystemAppDemo", "DBAS-5206-MVCH-SystemAppDemo.csproj", "{2DA00A57-9D8D-4111-BBBA-438668457906}"
EndProject
Global
	GlobalSection(SolutionConfigurationPlatforms) = preSolution
		Debug|Any CPU = Debug|Any CPU
		Release|Any CPU = Release|Any CPU
	EndGlobalSection
	GlobalSection(ProjectConfigurationPlatforms) = postSolution
		{2DA00A57-9D8D-4111-BBBA-438668457906}.Debug|Any CPU.ActiveCfg = Debug|Any CPU
		{2DA00A57-9D8D-4111-BBBA-438668457906}.Debug|Any CPU.Build.0 = Debug|Any CPU
		{2DA00A57-9D8D-4111-BBBA-438668457906}.Release|Any CPU.ActiveCfg = Release|Any CPU
		{2DA00A57-9D8D-4111-BBBA-438668457906}.Release|Any CPU.Build.0 = Release|Any CPU
	EndGlobalSection
	GlobalSection(SolutionProperties) = preSolution
		HideSolutionNode = FALSE
	EndGlobalSection
	GlobalSection(ExtensibilityGlobals) = postSolution
		SolutionGuid = {23650CCA-A766-4CC2-857F-042BA83DC422}
	EndGlobalSection
EndGlobal
